{
    "_readme": [
        "This file locks the dependencies of your project to a known state",
        "Read more about it at https://getcomposer.org/doc/01-basic-usage.md#composer-lock-the-lock-file",
        "This file is @generated automatically"
    ],
    "hash": "11cb60a037324f297e26e65c5625e76f",
    "content-hash": "cb5c1fd83f5cd97622c016120938c1cc",
    "packages": [
        {
            "name": "colymba/gridfield-bulk-editing-tools",
            "version": "dev-master",
            "source": {
                "type": "git",
                "url": "https://github.com/colymba/GridFieldBulkEditingTools.git",
                "reference": "79cead517f5774ea902ad1e3f63995f813dd64f3"
            },
            "dist": {
                "type": "zip",
                "url": "https://api.github.com/repos/colymba/GridFieldBulkEditingTools/zipball/79cead517f5774ea902ad1e3f63995f813dd64f3",
                "reference": "79cead517f5774ea902ad1e3f63995f813dd64f3",
                "shasum": ""
            },
            "require": {
                "silverstripe/framework": ">=3.1"
            },
            "type": "silverstripe-module",
            "notification-url": "https://packagist.org/downloads/",
            "license": [
                "BSD Simplified"
            ],
            "authors": [
                {
                    "name": "Thierry Francois",
                    "homepage": "http://colymba.com"
                },
                {
                    "name": "GitHub contributors",
                    "homepage": "https://github.com/colymba/GridFieldBulkEditingTools/contributors"
                }
            ],
            "description": "SilverStripe 3 GridField component to upload images and edit records in bulk",
            "homepage": "https://github.com/colymba/GridFieldBulkEditingTools",
            "keywords": [
                "Image upload",
                "bulk upload",
                "gridfield bulk upload",
                "silverstripe"
            ],
            "time": "2015-09-21 08:52:21"
        },
        {
            "name": "composer/installers",
            "version": "dev-master",
            "source": {
                "type": "git",
                "url": "https://github.com/composer/installers.git",
                "reference": "bd9b14f094c89c8b5804a4e41edeb7853bb85046"
            },
            "dist": {
                "type": "zip",
                "url": "https://api.github.com/repos/composer/installers/zipball/bd9b14f094c89c8b5804a4e41edeb7853bb85046",
                "reference": "bd9b14f094c89c8b5804a4e41edeb7853bb85046",
                "shasum": ""
            },
            "require": {
                "composer-plugin-api": "1.0.0"
            },
            "replace": {
                "roundcube/plugin-installer": "*",
                "shama/baton": "*"
            },
            "require-dev": {
                "composer/composer": "1.0.*@dev",
                "phpunit/phpunit": "4.1.*"
            },
            "type": "composer-plugin",
            "extra": {
                "class": "Composer\\Installers\\Plugin",
                "branch-alias": {
                    "dev-master": "1.0-dev"
                }
            },
            "autoload": {
                "psr-0": {
                    "Composer\\Installers\\": "src/"
                }
            },
            "notification-url": "https://packagist.org/downloads/",
            "license": [
                "MIT"
            ],
            "authors": [
                {
                    "name": "Kyle Robinson Young",
                    "email": "kyle@dontkry.com",
                    "homepage": "https://github.com/shama"
                }
            ],
            "description": "A multi-framework Composer library installer",
            "homepage": "http://composer.github.com/installers/",
            "keywords": [
                "Craft",
                "Dolibarr",
                "Hurad",
                "MODX Evo",
                "OXID",
                "SMF",
                "Thelia",
                "WolfCMS",
                "agl",
                "aimeos",
                "annotatecms",
                "bitrix",
                "cakephp",
                "chef",
                "codeigniter",
                "concrete5",
                "croogo",
                "dokuwiki",
                "drupal",
                "elgg",
                "fuelphp",
                "grav",
                "installer",
                "joomla",
                "kohana",
                "laravel",
                "lithium",
                "magento",
                "mako",
                "mediawiki",
                "modulework",
                "moodle",
                "phpbb",
                "piwik",
                "ppi",
                "puppet",
                "roundcube",
                "shopware",
                "silverstripe",
                "symfony",
                "typo3",
                "wordpress",
                "zend",
                "zikula"
            ],
            "time": "2015-10-29 23:28:48"
        },
        {
            "name": "md/division-bar",
            "version": "dev-master",
            "source": {
                "type": "git",
                "url": "https://github.com/StudentLifeMarketingAndDesign/division-bar.git",
                "reference": "c4526b5e153ffdeb07a9d4523caa8373cbaec380"
            },
            "dist": {
                "type": "zip",
                "url": "https://api.github.com/repos/StudentLifeMarketingAndDesign/division-bar/zipball/c4526b5e153ffdeb07a9d4523caa8373cbaec380",
                "reference": "c4526b5e153ffdeb07a9d4523caa8373cbaec380",
                "shasum": ""
            },
            "require": {
                "php": ">=5.3.2",
                "silverstripe/cms": "3.*",
                "silverstripe/framework": "3.*"
            },
            "type": "silverstripe-module",
            "extra": {
                "branch-alias": {
                    "dev-master": "0.1.x-dev"
                }
            },
            "description": "The University of Iowa Division of Student Life Bar",
            "support": {
                "source": "https://github.com/StudentLifeMarketingAndDesign/division-bar/tree/master",
                "issues": "https://github.com/StudentLifeMarketingAndDesign/division-bar/issues"
            },
            "time": "2015-11-03 18:43:27"
        },
        {
            "name": "nathancox/minify",
            "version": "dev-master",
            "source": {
                "type": "git",
                "url": "https://github.com/nathancox/silverstripe-minify.git",
                "reference": "09610ae22adfb010ffb971b8b683c16c077795b2"
            },
            "dist": {
                "type": "zip",
                "url": "https://api.github.com/repos/nathancox/silverstripe-minify/zipball/09610ae22adfb010ffb971b8b683c16c077795b2",
                "reference": "09610ae22adfb010ffb971b8b683c16c077795b2",
                "shasum": ""
            },
            "require": {
                "silverstripe/framework": ">=3.1"
            },
            "type": "silverstripe-module",
            "extra": {
                "installer-name": "minify"
            },
            "notification-url": "https://packagist.org/downloads/",
            "authors": [
                {
                    "name": "Nathan Cox",
                    "email": "me@nathan.net.nz"
                }
            ],
            "description": "Minifies CSS requirements using Minify (http://code.google.com/p/minify/)",
            "keywords": [
                "minify",
                "silverstripe"
            ],
            "time": "2014-11-27 20:59:48"
        },
        {
            "name": "silverstripe-themes/simple",
            "version": "dev-master",
            "source": {
                "type": "git",
                "url": "https://github.com/silverstripe-themes/silverstripe-simple.git",
                "reference": "9f471eb4ccff850d91c0120c3a3b59df523776b7"
            },
            "dist": {
                "type": "zip",
                "url": "https://api.github.com/repos/silverstripe-themes/silverstripe-simple/zipball/9f471eb4ccff850d91c0120c3a3b59df523776b7",
                "reference": "9f471eb4ccff850d91c0120c3a3b59df523776b7",
                "shasum": ""
            },
            "require": {
                "composer/installers": "*",
                "silverstripe/framework": ">=3.0"
            },
            "type": "silverstripe-theme",
            "notification-url": "https://packagist.org/downloads/",
            "license": [
                "BSD-3-Clause"
            ],
            "authors": [
                {
                    "name": "Sara Tušar (Innovaif)",
                    "homepage": "http://www.saratusar.com"
                }
            ],
            "description": "The SilverStripe simple theme (default SilverStripe 3 theme)",
            "keywords": [
                "silverstripe",
                "theme"
            ],
            "time": "2015-08-16 23:26:45"
        },
        {
            "name": "silverstripe/cms",
            "version": "3.2.1",
            "source": {
                "type": "git",
                "url": "https://github.com/silverstripe/silverstripe-cms.git",
                "reference": "a40c8e034af4e145b788d7561b092fe8f09c7c58"
            },
            "dist": {
                "type": "zip",
                "url": "https://api.github.com/repos/silverstripe/silverstripe-cms/zipball/a40c8e034af4e145b788d7561b092fe8f09c7c58",
                "reference": "a40c8e034af4e145b788d7561b092fe8f09c7c58",
                "shasum": ""
            },
            "require": {
                "composer/installers": "*",
                "php": ">=5.3.3",
                "silverstripe/framework": "~3.2",
                "silverstripe/reports": "~3.2",
                "silverstripe/siteconfig": "~3.2"
            },
            "type": "silverstripe-module",
            "autoload": {
                "classmap": [
                    "tests/behat/"
                ]
            },
            "notification-url": "https://packagist.org/downloads/",
            "license": [
                "BSD-3-Clause"
            ],
            "authors": [
                {
                    "name": "SilverStripe",
                    "homepage": "http://silverstripe.com"
                },
                {
                    "name": "The SilverStripe Community",
                    "homepage": "http://silverstripe.org"
                }
            ],
            "description": "The SilverStripe Content Management System",
            "homepage": "http://silverstripe.org",
            "keywords": [
                "cms",
                "silverstripe"
            ],
            "time": "2015-11-16 03:01:51"
        },
        {
            "name": "silverstripe/framework",
            "version": "3.2.1",
            "source": {
                "type": "git",
                "url": "https://github.com/silverstripe/silverstripe-framework.git",
                "reference": "0178fa5a1873a0f1d6100268c86dab81a18c23a5"
            },
            "dist": {
                "type": "zip",
                "url": "https://api.github.com/repos/silverstripe/silverstripe-framework/zipball/0178fa5a1873a0f1d6100268c86dab81a18c23a5",
                "reference": "0178fa5a1873a0f1d6100268c86dab81a18c23a5",
                "shasum": ""
            },
            "require": {
                "composer/installers": "~1.0",
                "php": ">=5.3.3,<7"
            },
            "require-dev": {
                "phpunit/phpunit": "~3.7"
            },
            "type": "silverstripe-module",
            "autoload": {
                "classmap": [
                    "tests/behat/features/bootstrap"
                ]
            },
            "notification-url": "https://packagist.org/downloads/",
            "license": [
                "BSD-3-Clause"
            ],
            "authors": [
                {
                    "name": "SilverStripe",
                    "homepage": "http://silverstripe.com"
                },
                {
                    "name": "The SilverStripe Community",
                    "homepage": "http://silverstripe.org"
                }
            ],
            "description": "The SilverStripe framework",
            "homepage": "http://silverstripe.org",
            "keywords": [
                "framework",
                "silverstripe"
            ],
            "time": "2015-11-16 03:17:10"
        },
        {
            "name": "silverstripe/reports",
            "version": "3.x-dev",
            "source": {
                "type": "git",
                "url": "https://github.com/silverstripe-labs/silverstripe-reports.git",
                "reference": "1e665a59b1630133b891ac9695f0006cc004a71b"
            },
            "dist": {
                "type": "zip",
                "url": "https://api.github.com/repos/silverstripe-labs/silverstripe-reports/zipball/1e665a59b1630133b891ac9695f0006cc004a71b",
                "reference": "1e665a59b1630133b891ac9695f0006cc004a71b",
                "shasum": ""
            },
            "require": {
                "php": ">=5.3.3",
                "silverstripe/framework": ">=3.1.x-dev"
            },
            "type": "silverstripe-module",
            "extra": {
                "branch-alias": {
                    "3.x-dev": "3.3.x-dev"
                }
            },
            "notification-url": "https://packagist.org/downloads/",
            "license": [
                "BSD-3-Clause"
            ],
            "authors": [
                {
                    "name": "SilverStripe",
                    "homepage": "http://silverstripe.com"
                },
                {
                    "name": "The SilverStripe Community",
                    "homepage": "http://silverstripe.org"
                }
            ],
            "homepage": "http://silverstripe.org",
            "keywords": [
                "cms",
                "reports",
                "silverstripe"
            ],
            "time": "2015-11-03 00:11:11"
        },
        {
            "name": "silverstripe/siteconfig",
            "version": "3.x-dev",
            "source": {
                "type": "git",
                "url": "https://github.com/silverstripe/silverstripe-siteconfig.git",
                "reference": "82e046248f143029f498cc009486e4b5fe2fc356"
            },
            "dist": {
                "type": "zip",
                "url": "https://api.github.com/repos/silverstripe/silverstripe-siteconfig/zipball/82e046248f143029f498cc009486e4b5fe2fc356",
                "reference": "82e046248f143029f498cc009486e4b5fe2fc356",
                "shasum": ""
            },
            "require": {
                "silverstripe/framework": "*"
            },
            "type": "silverstripe-module",
            "extra": {
                "branch-alias": {
                    "3.x-dev": "3.3.x-dev"
                }
            },
            "autoload": {
                "classmap": [
                    "tests/behat/"
                ]
            },
            "notification-url": "https://packagist.org/downloads/",
            "authors": [
                {
                    "name": "Will Rossiter",
                    "email": "will@fullscreen.io"
                }
            ],
            "description": "Site wide settings administration.",
            "keywords": [
                "silverstripe",
                "siteconfig"
            ],
            "time": "2015-11-03 00:10:39"
        },
        {
            "name": "undefinedoffset/sortablegridfield",
            "version": "dev-master",
            "source": {
                "type": "git",
                "url": "https://github.com/UndefinedOffset/SortableGridField.git",
                "reference": "b21e008b944ad11a12c6c9279b576cb65bf4ce42"
            },
            "dist": {
                "type": "zip",
                "url": "https://api.github.com/repos/UndefinedOffset/SortableGridField/zipball/b21e008b944ad11a12c6c9279b576cb65bf4ce42",
                "reference": "b21e008b944ad11a12c6c9279b576cb65bf4ce42",
                "shasum": ""
            },
            "require": {
                "composer/installers": "*",
                "silverstripe/framework": ">=3.0.1,<3.3"
            },
            "type": "silverstripe-module",
            "extra": {
                "installer-name": "sortablegridfield"
            },
            "notification-url": "https://packagist.org/downloads/",
            "license": [
                "BSD-3-Clause"
            ],
            "authors": [
                {
                    "name": "Ed Chipman",
                    "homepage": "http://www.edchipman.ca",
                    "role": "Developer"
                }
            ],
            "description": "Adds drag and drop functionality to SilverStripe 3.0's GridField",
            "keywords": [
                "gridfield",
                "silverstripe"
            ],
            "time": "2015-11-16 14:54:24"
        }
    ],
    "packages-dev": [],
    "aliases": [],
    "minimum-stability": "dev",
    "stability-flags": {
        "md/division-bar": 20
    },
    "prefer-stable": false,
    "prefer-lowest": false,
    "platform": {
        "php": ">=5.3.2"
    },
    "platform-dev": []
}
